
Microsoft Visual Studio Solution File, Format Version 12.00
# Visual Studio Version 17
VisualStudioVersion = 17.6.33801.468
MinimumVisualStudioVersion = 10.0.40219.1
Project("{FAE04EC0-301F-11D3-BF4B-00C04F79EFBC}") = "WebApi", "WebApi\WebApi.csproj", "{70D244AF-B8F5-40F3-8EB6-4C3B9EA22F7D}"
EndProject
Global
	GlobalSection(SolutionConfigurationPlatforms) = preSolution
		Debug|Any CPU = Debug|Any CPU
		Release|Any CPU = Release|Any CPU
	EndGlobalSection
	GlobalSection(ProjectConfigurationPlatforms) = postSolution
		{70D244AF-B8F5-40F3-8EB6-4C3B9EA22F7D}.Debug|Any CPU.ActiveCfg = Debug|Any CPU
		{70D244AF-B8F5-40F3-8EB6-4C3B9EA22F7D}.Debug|Any CPU.Build.0 = Debug|Any CPU
		{70D244AF-B8F5-40F3-8EB6-4C3B9EA22F7D}.Release|Any CPU.ActiveCfg = Release|Any CPU
		{70D244AF-B8F5-40F3-8EB6-4C3B9EA22F7D}.Release|Any CPU.Build.0 = Release|Any CPU
	EndGlobalSection
	GlobalSection(SolutionProperties) = preSolution
		HideSolutionNode = FALSE
	EndGlobalSection
	GlobalSection(ExtensibilityGlobals) = postSolution
		SolutionGuid = {AA8501B6-836E-47EB-8B09-5BD48793BBA4}
	EndGlobalSection
EndGlobal
